
Microsoft Visual Studio Solution File, Format Version 12.00
# Visual Studio Version 16
VisualStudioVersion = 16.0.31410.357
MinimumVisualStudioVersion = 10.0.40219.1
Project("{FAE04EC0-301F-11D3-BF4B-00C04F79EFBC}") = "DriverAmqp", "DriverAmqp\DriverAmqp.csproj", "{AA59DE49-38CF-49BF-A845-BE3EBB1396B6}"
EndProject
Project("{FAE04EC0-301F-11D3-BF4B-00C04F79EFBC}") = "DriverAmqp.Sources", "DriverAmqp.Sources\DriverAmqp.Sources.csproj", "{089A6EA8-DE17-40B7-8AD0-2EC2871D02F0}"
EndProject
Global
	GlobalSection(SolutionConfigurationPlatforms) = preSolution
		Debug|Any CPU = Debug|Any CPU
		Release|Any CPU = Release|Any CPU
	EndGlobalSection
	GlobalSection(ProjectConfigurationPlatforms) = postSolution
		{AA59DE49-38CF-49BF-A845-BE3EBB1396B6}.Debug|Any CPU.ActiveCfg = Debug|Any CPU
		{AA59DE49-38CF-49BF-A845-BE3EBB1396B6}.Debug|Any CPU.Build.0 = Debug|Any CPU
		{AA59DE49-38CF-49BF-A845-BE3EBB1396B6}.Release|Any CPU.ActiveCfg = Release|Any CPU
		{AA59DE49-38CF-49BF-A845-BE3EBB1396B6}.Release|Any CPU.Build.0 = Release|Any CPU
		{089A6EA8-DE17-40B7-8AD0-2EC2871D02F0}.Debug|Any CPU.ActiveCfg = Debug|Any CPU
		{089A6EA8-DE17-40B7-8AD0-2EC2871D02F0}.Debug|Any CPU.Build.0 = Debug|Any CPU
		{089A6EA8-DE17-40B7-8AD0-2EC2871D02F0}.Release|Any CPU.ActiveCfg = Release|Any CPU
		{089A6EA8-DE17-40B7-8AD0-2EC2871D02F0}.Release|Any CPU.Build.0 = Release|Any CPU
	EndGlobalSection
	GlobalSection(SolutionProperties) = preSolution
		HideSolutionNode = FALSE
	EndGlobalSection
	GlobalSection(ExtensibilityGlobals) = postSolution
		SolutionGuid = {3601A1B7-F85E-431F-8443-57149A0EBA4F}
	EndGlobalSection
EndGlobal
